// !$*UTF8*$!
{
	archiveVersion = 1;
	classes = {
	};
	objectVersion = 110;
	objects = {

/* Begin PBXContainerItemProxy section */
		92B852F6307171BF00095D6E /* PBXContainerItemProxy */ = {
			isa = PBXContainerItemProxy;
			containerPortal = 92B852E0307171BC00095D6E /* Project object */;
			proxyType = 1;
			remoteGlobalIDString = 92B852E7307171BC00095D6E;
			remoteInfo = SwiftPractice;
		};
		92B85300307171BF00095D6E /* PBXContainerItemProxy */ = {
			isa = PBXContainerItemProxy;
			containerPortal = 92B852E0307171BC00095D6E /* Project object */;
			proxyType = 1;
			remoteGlobalIDString = 92B852E7307171BC00095D6E;
			remoteInfo = SwiftPractice;
		};
/* End PBXContainerItemProxy section */

/* Begin PBXFileReference section */
		92B852E8307171BC00095D6E /* SwiftPractice.app */ = {isa = PBXFileReference; explicitFileType = wrapper.application; includeInIndex = 0; path = SwiftPractice.app; sourceTree = BUILT_PRODUCTS_DIR; };
		92B852F5307171BF00095D6E /* SwiftPracticeTests.xctest */ = {isa = PBXFileReference; explicitFileType = wrapper.cfbundle; includeInIndex = 0; path = SwiftPracticeTests.xctest; sourceTree = BUILT_PRODUCTS_DIR; };
		92B852FF307171BF00095D6E /* SwiftPracticeUITests.xctest */ = {isa = PBXFileReference; explicitFileType = wrapper.cfbundle; includeInIndex = 0; path = SwiftPracticeUITests.xctest; sourceTree = BUILT_PRODUCTS_DIR; };
/* End PBXFileReference section */

/* Begin PBXFileSystemSynchronizedRootGroup section */
		92B852EA307171BC00095D6E /* SwiftPractice */ = {
			isa = PBXFileSystemSynchronizedRootGroup;
			path = SwiftPractice;
			sourceTree = "<group>";
		};
		92B852F8307171BF00095D6E /* SwiftPracticeTests */ = {
			isa = PBXFileSystemSynchronizedRootGroup;
			path = SwiftPracticeTests;
			sourceTree = "<group>";
		};
		92B85302307171BF00095D6E /* SwiftPracticeUITests */ = {
			isa = PBXFileSystemSynchronizedRootGroup;
			path = SwiftPracticeUITests;
			sourceTree = "<group>";
		};
/* End PBXFileSystemSynchronizedRootGroup section */

/* Begin PBXFrameworksBuildPhase section */
		92B852E5307171BC00095D6E /* Frameworks */ = {
			isa = PBXFrameworksBuildPhase;
			files = (
			);
		};
		92B852F2307171BF00095D6E /* Frameworks */ = {
			isa = PBXFrameworksBuildPhase;
			files = (
			);
		};
		92B852FC307171BF00095D6E /* Frameworks */ = {
			isa = PBXFrameworksBuildPhase;
			files = (
			);
		};
/* End PBXFrameworksBuildPhase section */

/* Begin PBXGroup section */
		92B852DF307171BC00095D6E = {
			isa = PBXGroup;
			children = (
				92B852EA307171BC00095D6E /* SwiftPractice */,
				92B852F8307171BF00095D6E /* SwiftPracticeTests */,
				92B85302307171BF00095D6E /* SwiftPracticeUITests */,
				92B852E9307171BC00095D6E /* Products */,
			);
			sourceTree = "<group>";
		};
		92B852E9307171BC00095D6E /* Products */ = {
			isa = PBXGroup;
			children = (
				92B852E8307171BC00095D6E /* SwiftPractice.app */,
				92B852F5307171BF00095D6E /* SwiftPracticeTests.xctest */,
				92B852FF307171BF00095D6E /* SwiftPracticeUITests.xctest */,
			);
			name = Products;
			sourceTree = "<group>";
		};
/* End PBXGroup section */

/* Begin PBXNativeTarget section */
		92B852E7307171BC00095D6E /* SwiftPractice */ = {
			isa = PBXNativeTarget;
			buildConfigurationList = 92B85307307171BF00095D6E /* Build configuration list for PBXNativeTarget "SwiftPractice" */;
			buildPhases = (
				92B852E4307171BC00095D6E /* Sources */,
				92B852E5307171BC00095D6E /* Frameworks */,
				92B852E6307171BC00095D6E /* Resources */,
			);
			buildRules = (
			);
			fileSystemSynchronizedGroups = (
				92B852EA307171BC00095D6E /* SwiftPractice */,
			);
			name = SwiftPractice;
			productName = SwiftPractice;
			productReference = 92B852E8307171BC00095D6E /* SwiftPractice.app */;
			productType = "com.apple.product-type.application";
		};
		92B852F4307171BF00095D6E /* SwiftPracticeTests */ = {
			isa = PBXNativeTarget;
			buildConfigurationList = 92B8530A307171BF00095D6E /* Build configuration list for PBXNativeTarget "SwiftPracticeTests" */;
			buildPhases = (
				92B852F1307171BF00095D6E /* Sources */,
				92B852F2307171BF00095D6E /* Frameworks */,
				92B852F3307171BF00095D6E /* Resources */,
			);
			buildRules = (
			);
			dependencies = (
				92B852F7307171BF00095D6E /* PBXTargetDependency */,
			);
			fileSystemSynchronizedGroups = (
				92B852F8307171BF00095D6E /* SwiftPracticeTests */,
			);
			name = SwiftPracticeTests;
			productName = SwiftPracticeTests;
			productReference = 92B852F5307171BF00095D6E /* SwiftPracticeTests.xctest */;
			productType = "com.apple.product-type.bundle.unit-test";
		};
		92B852FE307171BF00095D6E /* SwiftPracticeUITests */ = {
			isa = PBXNativeTarget;
			buildConfigurationList = 92B8530D307171BF00095D6E /* Build configuration list for PBXNativeTarget "SwiftPracticeUITests" */;
			buildPhases = (
				92B852FB307171BF00095D6E /* Sources */,
				92B852FC307171BF00095D6E /* Frameworks */,
				92B852FD307171BF00095D6E /* Resources */,
			);
			buildRules = (
			);
			dependencies = (
				92B85301307171BF00095D6E /* PBXTargetDependency */,
			);
			fileSystemSynchronizedGroups = (
				92B85302307171BF00095D6E /* SwiftPracticeUITests */,
			);
			name = SwiftPracticeUITests;
			productName = SwiftPracticeUITests;
			productReference = 92B852FF307171BF00095D6E /* SwiftPracticeUITests.xctest */;
			productType = "com.apple.product-type.bundle.ui-testing";
		};
/* End PBXNativeTarget section */

/* Begin PBXProject section */
		92B852E0307171BC00095D6E /* Project object */ = {
			isa = PBXProject;
			attributes = {
				BuildIndependentTargetsInParallel = 1;
				LastSwiftUpdateCheck = 2700;
				LastUpgradeCheck = 2700;
				TargetAttributes = {
					92B852E7307171BC00095D6E = {
						CreatedOnToolsVersion = 27.0;
					};
					92B852F4307171BF00095D6E = {
						CreatedOnToolsVersion = 27.0;
						TestTargetID = 92B852E7307171BC00095D6E;
					};
					92B852FE307171BF00095D6E = {
						CreatedOnToolsVersion = 27.0;
						TestTargetID = 92B852E7307171BC00095D6E;
					};
				};
			};
			buildConfigurationList = 92B852E3307171BC00095D6E /* Build configuration list for PBXProject "SwiftPractice" */;
			developmentRegion = en;
			hasScannedForEncodings = 0;
			knownRegions = (
				en,
				Base,
			);
			mainGroup = 92B852DF307171BC00095D6E;
			minimizedProjectReferenceProxies = 1;
			preferredProjectObjectVersion = 77;
			productRefGroup = 92B852E9307171BC00095D6E /* Products */;
			projectDirPath = "";
			projectRoot = "";
			targets = (
				92B852E7307171BC00095D6E /* SwiftPractice */,
				92B852F4307171BF00095D6E /* SwiftPracticeTests */,
				92B852FE307171BF00095D6E /* SwiftPracticeUITests */,
			);
		};
/* End PBXProject section */

/* Begin PBXResourcesBuildPhase section */
		92B852E6307171BC00095D6E /* Resources */ = {
			isa = PBXResourcesBuildPhase;
			files = (
			);
		};
		92B852F3307171BF00095D6E /* Resources */ = {
			isa = PBXResourcesBuildPhase;
			files = (
			);
		};
		92B852FD307171BF00095D6E /* Resources */ = {
			isa = PBXResourcesBuildPhase;
			files = (
			);
		};
/* End PBXResourcesBuildPhase section */

/* Begin PBXSourcesBuildPhase section */
		92B852E4307171BC00095D6E /* Sources */ = {
			isa = PBXSourcesBuildPhase;
			files = (
			);
		};
		92B852F1307171BF00095D6E /* Sources */ = {
			isa = PBXSourcesBuildPhase;
			files = (
			);
		};
		92B852FB307171BF00095D6E /* Sources */ = {
			isa = PBXSourcesBuildPhase;
			files = (
			);
		};
/* End PBXSourcesBuildPhase section */

/* Begin PBXTargetDependency section */
		92B852F7307171BF00095D6E /* PBXTargetDependency */ = {
			isa = PBXTargetDependency;
			target = 92B852E7307171BC00095D6E /* SwiftPractice */;
			targetProxy = 92B852F6307171BF00095D6E /* PBXContainerItemProxy */;
		};
		92B85301307171BF00095D6E /* PBXTargetDependency */ = {
			isa = PBXTargetDependency;
			target = 92B852E7307171BC00095D6E /* SwiftPractice */;
			targetProxy = 92B85300307171BF00095D6E /* PBXContainerItemProxy */;
		};
/* End PBXTargetDependency section */

/* Begin XCBuildConfiguration section */
		92B85305307171BF00095D6E /* Debug configuration for PBXProject "SwiftPractice" */ = {
			isa = XCBuildConfiguration;
			buildSettings = {
				ALWAYS_SEARCH_USER_PATHS = NO;
				ASSETCATALOG_COMPILER_GENERATE_SWIFT_ASSET_SYMBOL_EXTENSIONS = YES;
				CLANG_ANALYZER_NONNULL = YES;
				CLANG_ANALYZER_NUMBER_OBJECT_CONVERSION = YES_AGGRESSIVE;
				CLANG_CXX_LANGUAGE_STANDARD = "gnu++20";
				CLANG_ENABLE_MODULES = YES;
				CLANG_ENABLE_OBJC_ARC = YES;
				CLANG_ENABLE_OBJC_WEAK = YES;
				CLANG_WARN_BLOCK_CAPTURE_AUTORELEASING = YES;
				CLANG_WARN_BOOL_CONVERSION = YES;
				CLANG_WARN_COMMA = YES;
				CLANG_WARN_CONSTANT_CONVERSION = YES;
				CLANG_WARN_DEPRECATED_OBJC_IMPLEMENTATIONS = YES;
				CLANG_WARN_DIRECT_OBJC_ISA_USAGE = YES_ERROR;
				CLANG_WARN_DOCUMENTATION_COMMENTS = YES;
				CLANG_WARN_EMPTY_BODY = YES;
				CLANG_WARN_ENUM_CONVERSION = YES;
				CLANG_WARN_INFINITE_RECURSION = YES;
				CLANG_WARN_INT_CONVERSION = YES;
				CLANG_WARN_NON_LITERAL_NULL_CONVERSION = YES;
				CLANG_WARN_OBJC_IMPLICIT_RETAIN_SELF = YES;
				CLANG_WARN_OBJC_LITERAL_CONVERSION = YES;
				CLANG_WARN_OBJC_ROOT_CLASS = YES_ERROR;
				CLANG_WARN_QUOTED_INCLUDE_IN_FRAMEWORK_HEADER = YES;
				CLANG_WARN_RANGE_LOOP_ANALYSIS = YES;
				CLANG_WARN_STRICT_PROTOTYPES = YES;
				CLANG_WARN_SUSPICIOUS_MOVE = YES;
				CLANG_WARN_UNGUARDED_AVAILABILITY = YES_AGGRESSIVE;
				CLANG_WARN_UNREACHABLE_CODE = YES;
				CLANG_WARN__DUPLICATE_METHOD_MATCH = YES;
				COPY_PHASE_STRIP = NO;
				DEBUG_INFORMATION_FORMAT = dwarf;
				ENABLE_STRICT_OBJC_MSGSEND = YES;
				ENABLE_TESTABILITY = YES;
				ENABLE_USER_SCRIPT_SANDBOXING = YES;
				GCC_C_LANGUAGE_STANDARD = gnu17;
				GCC_DYNAMIC_NO_PIC = NO;
				GCC_NO_COMMON_BLOCKS = YES;
				GCC_OPTIMIZATION_LEVEL = 0;
				GCC_PREPROCESSOR_DEFINITIONS = (
					"DEBUG=1",
					"$(inherited)",
				);
				GCC_WARN_64_TO_32_BIT_CONVERSION = YES;
				GCC_WARN_ABOUT_RETURN_TYPE = YES_ERROR;
				GCC_WARN_UNDECLARED_SELECTOR = YES;
				GCC_WARN_UNINITIALIZED_AUTOS = YES_AGGRESSIVE;
				GCC_WARN_UNUSED_FUNCTION = YES;
				GCC_WARN_UNUSED_VARIABLE = YES;
				IPHONEOS_DEPLOYMENT_TARGET = 27.0;
				LOCALIZATION_PREFERS_STRING_CATALOGS = YES;
				MTL_ENABLE_DEBUG_INFO = INCLUDE_SOURCE;
				MTL_FAST_MATH = YES;
				ONLY_ACTIVE_ARCH = YES;
				SDKROOT = iphoneos;
				SWIFT_ACTIVE_COMPILATION_CONDITIONS = "DEBUG $(inherited)";
				SWIFT_OPTIMIZATION_LEVEL = "-Onone";
			};
			name = Debug;
		};
		92B85306307171BF00095D6E /* Release configuration for PBXProject "SwiftPractice" */ = {
			isa = XCBuildConfiguration;
			buildSettings = {
				ALWAYS_SEARCH_USER_PATHS = NO;
				ASSETCATALOG_COMPILER_GENERATE_SWIFT_ASSET_SYMBOL_EXTENSIONS = YES;
				CLANG_ANALYZER_NONNULL = YES;
				CLANG_ANALYZER_NUMBER_OBJECT_CONVERSION = YES_AGGRESSIVE;
				CLANG_CXX_LANGUAGE_STANDARD = "gnu++20";
				CLANG_ENABLE_MODULES = YES;
				CLANG_ENABLE_OBJC_ARC = YES;
				CLANG_ENABLE_OBJC_WEAK = YES;
				CLANG_WARN_BLOCK_CAPTURE_AUTORELEASING = YES;
				CLANG_WARN_BOOL_CONVERSION = YES;
				CLANG_WARN_COMMA = YES;
				CLANG_WARN_CONSTANT_CONVERSION = YES;
				CLANG_WARN_DEPRECATED_OBJC_IMPLEMENTATIONS = YES;
				CLANG_WARN_DIRECT_OBJC_ISA_USAGE = YES_ERROR;
				CLANG_WARN_DOCUMENTATION_COMMENTS = YES;
				CLANG_WARN_EMPTY_BODY = YES;
				CLANG_WARN_ENUM_CONVERSION = YES;
				CLANG_WARN_INFINITE_RECURSION = YES;
				CLANG_WARN_INT_CONVERSION = YES;
				CLANG_WARN_NON_LITERAL_NULL_CONVERSION = YES;
				CLANG_WARN_OBJC_IMPLICIT_RETAIN_SELF = YES;
				CLANG_WARN_OBJC_LITERAL_CONVERSION = YES;
				CLANG_WARN_OBJC_ROOT_CLASS = YES_ERROR;
				CLANG_WARN_QUOTED_INCLUDE_IN_FRAMEWORK_HEADER = YES;
				CLANG_WARN_RANGE_LOOP_ANALYSIS = YES;
				CLANG_WARN_STRICT_PROTOTYPES = YES;
				CLANG_WARN_SUSPICIOUS_MOVE = YES;
				CLANG_WARN_UNGUARDED_AVAILABILITY = YES_AGGRESSIVE;
				CLANG_WARN_UNREACHABLE_CODE = YES;
				CLANG_WARN__DUPLICATE_METHOD_MATCH = YES;
				COPY_PHASE_STRIP = NO;
				DEBUG_INFORMATION_FORMAT = "dwarf-with-dsym";
				ENABLE_NS_ASSERTIONS = NO;
				ENABLE_STRICT_OBJC_MSGSEND = YES;
				ENABLE_USER_SCRIPT_SANDBOXING = YES;
				GCC_C_LANGUAGE_STANDARD = gnu17;
				GCC_NO_COMMON_BLOCKS = YES;
				GCC_WARN_64_TO_32_BIT_CONVERSION = YES;
				GCC_WARN_ABOUT_RETURN_TYPE = YES_ERROR;
				GCC_WARN_UNDECLARED_SELECTOR = YES;
				GCC_WARN_UNINITIALIZED_AUTOS = YES_AGGRESSIVE;
				GCC_WARN_UNUSED_FUNCTION = YES;
				GCC_WARN_UNUSED_VARIABLE = YES;
				IPHONEOS_DEPLOYMENT_TARGET = 27.0;
				LOCALIZATION_PREFERS_STRING_CATALOGS = YES;
				MTL_ENABLE_DEBUG_INFO = NO;
				MTL_FAST_MATH = YES;
				SDKROOT = iphoneos;
				SWIFT_COMPILATION_MODE = wholemodule;
				VALIDATE_PRODUCT = YES;
			};
			name = Release;
		};
		92B85308307171BF00095D6E /* Debug configuration for PBXNativeTarget "SwiftPractice" */ = {
			isa = XCBuildConfiguration;
			buildSettings = {
				ASSETCATALOG_COMPILER_APPICON_NAME = AppIcon;
				ASSETCATALOG_COMPILER_GLOBAL_ACCENT_COLOR_NAME = AccentColor;
				CODE_SIGN_STYLE = Automatic;
				CURRENT_PROJECT_VERSION = 1;
				ENABLE_PREVIEWS = YES;
				GENERATE_INFOPLIST_FILE = YES;
				INFOPLIST_KEY_UIApplicationSceneManifest_Generation = YES;
				INFOPLIST_KEY_UIApplicationSupportsIndirectInputEvents = YES;
				INFOPLIST_KEY_UILaunchScreen_Generation = YES;
				INFOPLIST_KEY_UISupportedInterfaceOrientations_iPad = "UIInterfaceOrientationPortrait UIInterfaceOrientationPortraitUpsideDown UIInterfaceOrientationLandscapeLeft UIInterfaceOrientationLandscapeRight";
				INFOPLIST_KEY_UISupportedInterfaceOrientations_iPhone = "UIInterfaceOrientationPortrait UIInterfaceOrientationLandscapeLeft UIInterfaceOrientationLandscapeRight";
				IPHONEOS_DEPLOYMENT_TARGET = "$(RECOMMENDED_IPHONEOS_DEPLOYMENT_TARGET)";
				LD_RUNPATH_SEARCH_PATHS = (
					"$(inherited)",
					"@executable_path/Frameworks",
				);
				MARKETING_VERSION = 1.0;
				PRODUCT_BUNDLE_IDENTIFIER = com.juliana.SwiftPractice;
				PRODUCT_NAME = "$(TARGET_NAME)";
				STRING_CATALOG_GENERATE_SYMBOLS = YES;
				SWIFT_APPROACHABLE_CONCURRENCY = YES;
				SWIFT_DEFAULT_ACTOR_ISOLATION = MainActor;
				SWIFT_EMIT_LOC_STRINGS = YES;
				SWIFT_UPCOMING_FEATURE_MEMBER_IMPORT_VISIBILITY = YES;
				SWIFT_VERSION = 5.0;
				TARGETED_DEVICE_FAMILY = "1,2";
			};
			name = Debug;
		};
		92B85309307171BF00095D6E /* Release configuration for PBXNativeTarget "SwiftPractice" */ = {
			isa = XCBuildConfiguration;
			buildSettings = {
				ASSETCATALOG_COMPILER_APPICON_NAME = AppIcon;
				ASSETCATALOG_COMPILER_GLOBAL_ACCENT_COLOR_NAME = AccentColor;
				CODE_SIGN_STYLE = Automatic;
				CURRENT_PROJECT_VERSION = 1;
				ENABLE_PREVIEWS = YES;
				GENERATE_INFOPLIST_FILE = YES;
				INFOPLIST_KEY_UIApplicationSceneManifest_Generation = YES;
				INFOPLIST_KEY_UIApplicationSupportsIndirectInputEvents = YES;
				INFOPLIST_KEY_UILaunchScreen_Generation = YES;
				INFOPLIST_KEY_UISupportedInterfaceOrientations_iPad = "UIInterfaceOrientationPortrait UIInterfaceOrientationPortraitUpsideDown UIInterfaceOrientationLandscapeLeft UIInterfaceOrientationLandscapeRight";
				INFOPLIST_KEY_UISupportedInterfaceOrientations_iPhone = "UIInterfaceOrientationPortrait UIInterfaceOrientationLandscapeLeft UIInterfaceOrientationLandscapeRight";
				IPHONEOS_DEPLOYMENT_TARGET = "$(RECOMMENDED_IPHONEOS_DEPLOYMENT_TARGET)";
				LD_RUNPATH_SEARCH_PATHS = (
					"$(inherited)",
					"@executable_path/Frameworks",
				);
				MARKETING_VERSION = 1.0;
				PRODUCT_BUNDLE_IDENTIFIER = com.juliana.SwiftPractice;
				PRODUCT_NAME = "$(TARGET_NAME)";
				STRING_CATALOG_GENERATE_SYMBOLS = YES;
				SWIFT_APPROACHABLE_CONCURRENCY = YES;
				SWIFT_DEFAULT_ACTOR_ISOLATION = MainActor;
				SWIFT_EMIT_LOC_STRINGS = YES;
				SWIFT_UPCOMING_FEATURE_MEMBER_IMPORT_VISIBILITY = YES;
				SWIFT_VERSION = 5.0;
				TARGETED_DEVICE_FAMILY = "1,2";
			};
			name = Release;
		};
		92B8530B307171BF00095D6E /* Debug configuration for PBXNativeTarget "SwiftPracticeTests" */ = {
			isa = XCBuildConfiguration;
			buildSettings = {
				BUNDLE_LOADER = "$(TEST_HOST)";
				CODE_SIGN_STYLE = Automatic;
				CURRENT_PROJECT_VERSION = 1;
				GENERATE_INFOPLIST_FILE = YES;
				IPHONEOS_DEPLOYMENT_TARGET = 27.0;
				MARKETING_VERSION = 1.0;
				PRODUCT_BUNDLE_IDENTIFIER = com.juliana.SwiftPracticeTests;
				PRODUCT_NAME = "$(TARGET_NAME)";
				STRING_CATALOG_GENERATE_SYMBOLS = NO;
				SWIFT_APPROACHABLE_CONCURRENCY = YES;
				SWIFT_EMIT_LOC_STRINGS = NO;
				SWIFT_UPCOMING_FEATURE_MEMBER_IMPORT_VISIBILITY = YES;
				SWIFT_VERSION = 5.0;
				TARGETED_DEVICE_FAMILY = "1,2";
				TEST_HOST = "$(BUILT_PRODUCTS_DIR)/SwiftPractice.app/$(BUNDLE_EXECUTABLE_FOLDER_PATH)/SwiftPractice";
			};
			name = Debug;
		};
		92B8530C307171BF00095D6E /* Release configuration for PBXNativeTarget "SwiftPracticeTests" */ = {
			isa = XCBuildConfiguration;
			buildSettings = {
				BUNDLE_LOADER = "$(TEST_HOST)";
				CODE_SIGN_STYLE = Automatic;
				CURRENT_PROJECT_VERSION = 1;
				GENERATE_INFOPLIST_FILE = YES;
				IPHONEOS_DEPLOYMENT_TARGET = 27.0;
				MARKETING_VERSION = 1.0;
				PRODUCT_BUNDLE_IDENTIFIER = com.juliana.SwiftPracticeTests;
				PRODUCT_NAME = "$(TARGET_NAME)";
				STRING_CATALOG_GENERATE_SYMBOLS = NO;
				SWIFT_APPROACHABLE_CONCURRENCY = YES;
				SWIFT_EMIT_LOC_STRINGS = NO;
				SWIFT_UPCOMING_FEATURE_MEMBER_IMPORT_VISIBILITY = YES;
				SWIFT_VERSION = 5.0;
				TARGETED_DEVICE_FAMILY = "1,2";
				TEST_HOST = "$(BUILT_PRODUCTS_DIR)/SwiftPractice.app/$(BUNDLE_EXECUTABLE_FOLDER_PATH)/SwiftPractice";
			};
			name = Release;
		};
		92B8530E307171BF00095D6E /* Debug configuration for PBXNativeTarget "SwiftPracticeUITests" */ = {
			isa = XCBuildConfiguration;
			buildSettings = {
				CODE_SIGN_STYLE = Automatic;
				CURRENT_PROJECT_VERSION = 1;
				GENERATE_INFOPLIST_FILE = YES;
				MARKETING_VERSION = 1.0;
				PRODUCT_BUNDLE_IDENTIFIER = com.juliana.SwiftPracticeUITests;
				PRODUCT_NAME = "$(TARGET_NAME)";
				STRING_CATALOG_GENERATE_SYMBOLS = NO;
				SWIFT_APPROACHABLE_CONCURRENCY = YES;
				SWIFT_EMIT_LOC_STRINGS = NO;
				SWIFT_UPCOMING_FEATURE_MEMBER_IMPORT_VISIBILITY = YES;
				SWIFT_VERSION = 5.0;
				TARGETED_DEVICE_FAMILY = "1,2";
				TEST_TARGET_NAME = SwiftPractice;
			};
			name = Debug;
		};
		92B8530F307171BF00095D6E /* Release configuration for PBXNativeTarget "SwiftPracticeUITests" */ = {
			isa = XCBuildConfiguration;
			buildSettings = {
				CODE_SIGN_STYLE = Automatic;
				CURRENT_PROJECT_VERSION = 1;
				GENERATE_INFOPLIST_FILE = YES;
				MARKETING_VERSION = 1.0;
				PRODUCT_BUNDLE_IDENTIFIER = com.juliana.SwiftPracticeUITests;
				PRODUCT_NAME = "$(TARGET_NAME)";
				STRING_CATALOG_GENERATE_SYMBOLS = NO;
				SWIFT_APPROACHABLE_CONCURRENCY = YES;
				SWIFT_EMIT_LOC_STRINGS = NO;
				SWIFT_UPCOMING_FEATURE_MEMBER_IMPORT_VISIBILITY = YES;
				SWIFT_VERSION = 5.0;
				TARGETED_DEVICE_FAMILY = "1,2";
				TEST_TARGET_NAME = SwiftPractice;
			};
			name = Release;
		};
/* End XCBuildConfiguration section */

/* Begin XCConfigurationList section */
		92B852E3307171BC00095D6E /* Build configuration list for PBXProject "SwiftPractice" */ = {
			isa = XCConfigurationList;
			buildConfigurations = (
				92B85305307171BF00095D6E /* Debug configuration for PBXProject "SwiftPractice" */,
				92B85306307171BF00095D6E /* Release configuration for PBXProject "SwiftPractice" */,
			);
			defaultConfigurationName = Release;
		};
		92B85307307171BF00095D6E /* Build configuration list for PBXNativeTarget "SwiftPractice" */ = {
			isa = XCConfigurationList;
			buildConfigurations = (
				92B85308307171BF00095D6E /* Debug configuration for PBXNativeTarget "SwiftPractice" */,
				92B85309307171BF00095D6E /* Release configuration for PBXNativeTarget "SwiftPractice" */,
			);
			defaultConfigurationName = Release;
		};
		92B8530A307171BF00095D6E /* Build configuration list for PBXNativeTarget "SwiftPracticeTests" */ = {
			isa = XCConfigurationList;
			buildConfigurations = (
				92B8530B307171BF00095D6E /* Debug configuration for PBXNativeTarget "SwiftPracticeTests" */,
				92B8530C307171BF00095D6E /* Release configuration for PBXNativeTarget "SwiftPracticeTests" */,
			);
			defaultConfigurationName = Release;
		};
		92B8530D307171BF00095D6E /* Build configuration list for PBXNativeTarget "SwiftPracticeUITests" */ = {
			isa = XCConfigurationList;
			buildConfigurations = (
				92B8530E307171BF00095D6E /* Debug configuration for PBXNativeTarget "SwiftPracticeUITests" */,
				92B8530F307171BF00095D6E /* Release configuration for PBXNativeTarget "SwiftPracticeUITests" */,
			);
			defaultConfigurationName = Release;
		};
/* End XCConfigurationList section */
	};
	rootObject = 92B852E0307171BC00095D6E /* Project object */;
	validationLevel = 1;
}
